<Solution>
  <Folder Name="/src/">
    <Project Path="src/Source2.Compiler.Cli/Source2.Compiler.Cli.csproj" />
    <Project Path="src/Source2.Compiler/Source2.Compiler.csproj" />
    <Project Path="src/Source2.Compiler.Gpu/Source2.Compiler.Gpu.csproj" />
  </Folder>
  <Folder Name="/tests/">
    <Project Path="tests/Source2.Compiler.Tests/Source2.Compiler.Tests.csproj" />
  </Folder>
</Solution>
